hash: 1c0fb0e7c81c12c73de5e2150fe98eb59248729e8b18dffaec0e6e770020a55b
updated: 2018-01-08T15:25:36.348283874+01:00
imports:
- name: github.com/davecgh/go-spew
  version: ecdeabc65495df2dec95d7c4a4c3e021903035e5
  subpackages:
  - spew
- name: github.com/pkg/errors
  version: e881fd58d78e04cf6d0de1217f8707c8cc2249bc
- name: github.com/pmezard/go-difflib
  version: 792786c7400a136282c1664665ae0a8db921c6c2
  subpackages:
  - difflib
- name: github.com/stretchr/objx
  version: facf9a85c22f48d2f52f2380e4efce1768749a89
- name: github.com/stretchr/testify
  version: 87b1dfb5b2fa649f52695dd9eae19abe404a4308
  subpackages:
  - assert
  - mock
  - require
testImports:
- name: github.com/vektra/mockery
  version: b6f6c13c25c3f0a17724553fa01580f328158d7a
